
Microsoft Visual Studio Solution File, Format Version 12.00
# Visual Studio Version 16
VisualStudioVersion = 16.0.31424.327
MinimumVisualStudioVersion = 10.0.40219.1
Project("{FAE04EC0-301F-11D3-BF4B-00C04F79EFBC}") = "WebPractice0615", "WebPractice0615\WebPractice0615.csproj", "{0DB7744A-F08F-47D6-9F63-1A29D8971164}"
EndProject
Global
	GlobalSection(SolutionConfigurationPlatforms) = preSolution
		Debug|Any CPU = Debug|Any CPU
		Release|Any CPU = Release|Any CPU
	EndGlobalSection
	GlobalSection(ProjectConfigurationPlatforms) = postSolution
		{0DB7744A-F08F-47D6-9F63-1A29D8971164}.Debug|Any CPU.ActiveCfg = Debug|Any CPU
		{0DB7744A-F08F-47D6-9F63-1A29D8971164}.Debug|Any CPU.Build.0 = Debug|Any CPU
		{0DB7744A-F08F-47D6-9F63-1A29D8971164}.Release|Any CPU.ActiveCfg = Release|Any CPU
		{0DB7744A-F08F-47D6-9F63-1A29D8971164}.Release|Any CPU.Build.0 = Release|Any CPU
	EndGlobalSection
	GlobalSection(SolutionProperties) = preSolution
		HideSolutionNode = FALSE
	EndGlobalSection
	GlobalSection(ExtensibilityGlobals) = postSolution
		SolutionGuid = {E812692D-5097-4C71-8C08-8046EA00CCE1}
	EndGlobalSection
EndGlobal
